
Microsoft Visual Studio Solution File, Format Version 12.00
# Visual Studio 15
VisualStudioVersion = 15.0.28010.2003
MinimumVisualStudioVersion = 10.0.40219.1
Project("{FAE04EC0-301F-11D3-BF4B-00C04F79EFBC}") = "021_OperatorOverloading", "021_OperatorOverloading.csproj", "{49E92250-7472-474E-9D3B-9A64303CBDD5}"
EndProject
Global
	GlobalSection(SolutionConfigurationPlatforms) = preSolution
		Debug|Any CPU = Debug|Any CPU
		Release|Any CPU = Release|Any CPU
	EndGlobalSection
	GlobalSection(ProjectConfigurationPlatforms) = postSolution
		{49E92250-7472-474E-9D3B-9A64303CBDD5}.Debug|Any CPU.ActiveCfg = Debug|Any CPU
		{49E92250-7472-474E-9D3B-9A64303CBDD5}.Debug|Any CPU.Build.0 = Debug|Any CPU
		{49E92250-7472-474E-9D3B-9A64303CBDD5}.Release|Any CPU.ActiveCfg = Release|Any CPU
		{49E92250-7472-474E-9D3B-9A64303CBDD5}.Release|Any CPU.Build.0 = Release|Any CPU
	EndGlobalSection
	GlobalSection(SolutionProperties) = preSolution
		HideSolutionNode = FALSE
	EndGlobalSection
	GlobalSection(ExtensibilityGlobals) = postSolution
		SolutionGuid = {5454A42D-ACCD-4EBE-94C7-16912A8E7143}
	EndGlobalSection
EndGlobal
