
Microsoft Visual Studio Solution File, Format Version 12.00
# Visual Studio 15
VisualStudioVersion = 15.0.28010.2003
MinimumVisualStudioVersion = 10.0.40219.1
Project("{FAE04EC0-301F-11D3-BF4B-00C04F79EFBC}") = "003_Basics", "003_Basics\003_Basics.csproj", "{05E350EF-81E1-4181-BE65-69B8D05AA5DA}"
EndProject
Global
	GlobalSection(SolutionConfigurationPlatforms) = preSolution
		Debug|Any CPU = Debug|Any CPU
		Release|Any CPU = Release|Any CPU
	EndGlobalSection
	GlobalSection(ProjectConfigurationPlatforms) = postSolution
		{05E350EF-81E1-4181-BE65-69B8D05AA5DA}.Debug|Any CPU.ActiveCfg = Debug|Any CPU
		{05E350EF-81E1-4181-BE65-69B8D05AA5DA}.Debug|Any CPU.Build.0 = Debug|Any CPU
		{05E350EF-81E1-4181-BE65-69B8D05AA5DA}.Release|Any CPU.ActiveCfg = Release|Any CPU
		{05E350EF-81E1-4181-BE65-69B8D05AA5DA}.Release|Any CPU.Build.0 = Release|Any CPU
	EndGlobalSection
	GlobalSection(SolutionProperties) = preSolution
		HideSolutionNode = FALSE
	EndGlobalSection
	GlobalSection(ExtensibilityGlobals) = postSolution
		SolutionGuid = {7CF82141-6F33-4CF4-ACF6-EE43574A2E2C}
	EndGlobalSection
EndGlobal
