
Microsoft Visual Studio Solution File, Format Version 12.00
# Visual Studio 15
VisualStudioVersion = 15.0.28010.2003
MinimumVisualStudioVersion = 10.0.40219.1
Project("{FAE04EC0-301F-11D3-BF4B-00C04F79EFBC}") = "013_Tuples", "013_Tuples.csproj", "{4E192314-D2C7-4C36-B76C-EB4D0252B218}"
EndProject
Global
	GlobalSection(SolutionConfigurationPlatforms) = preSolution
		Debug|Any CPU = Debug|Any CPU
		Release|Any CPU = Release|Any CPU
	EndGlobalSection
	GlobalSection(ProjectConfigurationPlatforms) = postSolution
		{4E192314-D2C7-4C36-B76C-EB4D0252B218}.Debug|Any CPU.ActiveCfg = Debug|Any CPU
		{4E192314-D2C7-4C36-B76C-EB4D0252B218}.Debug|Any CPU.Build.0 = Debug|Any CPU
		{4E192314-D2C7-4C36-B76C-EB4D0252B218}.Release|Any CPU.ActiveCfg = Release|Any CPU
		{4E192314-D2C7-4C36-B76C-EB4D0252B218}.Release|Any CPU.Build.0 = Release|Any CPU
	EndGlobalSection
	GlobalSection(SolutionProperties) = preSolution
		HideSolutionNode = FALSE
	EndGlobalSection
	GlobalSection(ExtensibilityGlobals) = postSolution
		SolutionGuid = {3B7AA5B1-F171-459D-8880-85F389396B73}
	EndGlobalSection
EndGlobal
