
Microsoft Visual Studio Solution File, Format Version 12.00
# Visual Studio 15
VisualStudioVersion = 15.0.28010.2003
MinimumVisualStudioVersion = 10.0.40219.1
Project("{FAE04EC0-301F-11D3-BF4B-00C04F79EFBC}") = "019_Static", "019_Static.csproj", "{0DB059F7-2F7B-4147-85D0-4943A62C96BF}"
EndProject
Global
	GlobalSection(SolutionConfigurationPlatforms) = preSolution
		Debug|Any CPU = Debug|Any CPU
		Release|Any CPU = Release|Any CPU
	EndGlobalSection
	GlobalSection(ProjectConfigurationPlatforms) = postSolution
		{0DB059F7-2F7B-4147-85D0-4943A62C96BF}.Debug|Any CPU.ActiveCfg = Debug|Any CPU
		{0DB059F7-2F7B-4147-85D0-4943A62C96BF}.Debug|Any CPU.Build.0 = Debug|Any CPU
		{0DB059F7-2F7B-4147-85D0-4943A62C96BF}.Release|Any CPU.ActiveCfg = Release|Any CPU
		{0DB059F7-2F7B-4147-85D0-4943A62C96BF}.Release|Any CPU.Build.0 = Release|Any CPU
	EndGlobalSection
	GlobalSection(SolutionProperties) = preSolution
		HideSolutionNode = FALSE
	EndGlobalSection
	GlobalSection(ExtensibilityGlobals) = postSolution
		SolutionGuid = {54C130F0-574B-421F-A61E-1C450FD9F359}
	EndGlobalSection
EndGlobal
